
Microsoft Visual Studio Solution File, Format Version 12.00
# Visual Studio Version 17
VisualStudioVersion = 17.10.35004.147
MinimumVisualStudioVersion = 10.0.40219.1
Project("{9A19103F-16F7-4668-BE54-9A1E7A4F7556}") = "HamsterFerma", "HamsterFerma\HamsterFerma.csproj", "{E1E0F581-1E73-4439-B37C-C26B3AE3873E}"
EndProject
Project("{9A19103F-16F7-4668-BE54-9A1E7A4F7556}") = "HamsterFerma.Models", "HamsterFerma.Models\HamsterFerma.Models.csproj", "{BC16BA96-BEB0-4999-B04A-565B9ED662A1}"
EndProject
Project("{9A19103F-16F7-4668-BE54-9A1E7A4F7556}") = "HamsterFerma.Services", "HamsterFerma.Services\HamsterFerma.Services.csproj", "{C3342E06-1FB8-4DEA-B236-DCA8AB5AAA19}"
EndProject
Project("{2150E333-8FDC-42A3-9474-1A3956D46DE8}") = "Hamster", "Hamster", "{88A1C9E8-169F-4CB2-A026-9588B058FD6F}"
EndProject
Project("{9A19103F-16F7-4668-BE54-9A1E7A4F7556}") = "Weasel.Farmer", "Weasel.Farmer\Weasel.Farmer.csproj", "{A450F4BF-8592-48ED-A7E3-470895951DFE}"
EndProject
Project("{2150E333-8FDC-42A3-9474-1A3956D46DE8}") = "Farmer", "Farmer", "{7CF2CD0B-6CF1-4D20-956F-4CB573D32CF4}"
EndProject
Project("{9A19103F-16F7-4668-BE54-9A1E7A4F7556}") = "Weasel.Farmer.Models", "Weasel.Farmer.Models\Weasel.Farmer.Models.csproj", "{360BB59F-2D05-43CC-A797-7DBCA0377AFD}"
EndProject
Project("{9A19103F-16F7-4668-BE54-9A1E7A4F7556}") = "Weasel.Farmer.Services", "Weasel.Farmer.Services\Weasel.Farmer.Services.csproj", "{FB992EEA-E704-4DB1-99FA-BD234E241279}"
EndProject
Project("{2150E333-8FDC-42A3-9474-1A3956D46DE8}") = "Seed", "Seed", "{BC8BD71B-9AE0-44B6-BDD3-AEA6C8DE54FC}"
EndProject
Project("{9A19103F-16F7-4668-BE54-9A1E7A4F7556}") = "SeedFerma", "SeedFerma\SeedFerma.csproj", "{EC1BBB2A-B18D-4B56-85D3-6565FC85429A}"
EndProject
Project("{9A19103F-16F7-4668-BE54-9A1E7A4F7556}") = "SeedFerma.Models", "SeedFerma.Models\SeedFerma.Models.csproj", "{89E10014-7BDD-4958-A71D-8435A5FBE75D}"
EndProject
Project("{9A19103F-16F7-4668-BE54-9A1E7A4F7556}") = "SeedFerma.Services", "SeedFerma.Services\SeedFerma.Services.csproj", "{C22A7CC9-A192-44B0-B8C6-5B47112D80B6}"
EndProject
Project("{2150E333-8FDC-42A3-9474-1A3956D46DE8}") = "Common", "Common", "{0F0EE1B5-DB6E-4522-B1C4-9392628C27D4}"
EndProject
Project("{9A19103F-16F7-4668-BE54-9A1E7A4F7556}") = "Weasel.Configurators.Common", "Weasel.Configurators.Common\Weasel.Configurators.Common.csproj", "{1BD59557-2D40-42F1-A0E0-E4108E579511}"
EndProject
Project("{2150E333-8FDC-42A3-9474-1A3956D46DE8}") = "Blum", "Blum", "{A4FC8088-A1BA-4174-AFA6-F70B289FE17D}"
EndProject
Project("{9A19103F-16F7-4668-BE54-9A1E7A4F7556}") = "BlumFerma.Models", "BlumFerma.Models\BlumFerma.Models.csproj", "{0143410B-A8B7-4101-A23A-FA44D1EEEFF1}"
EndProject
Project("{9A19103F-16F7-4668-BE54-9A1E7A4F7556}") = "BlumFerma.Services", "BlumFerma.Services\BlumFerma.Services.csproj", "{ECCB1FE0-1DBD-4DD5-9973-E2EA44B5D66E}"
EndProject
Project("{9A19103F-16F7-4668-BE54-9A1E7A4F7556}") = "BlumFerma", "BlumFerma\BlumFerma.csproj", "{7605F098-EAAD-48ED-B8A7-6F486A144DF5}"
EndProject
Global
	GlobalSection(SolutionConfigurationPlatforms) = preSolution
		Debug|Any CPU = Debug|Any CPU
		Release|Any CPU = Release|Any CPU
	EndGlobalSection
	GlobalSection(ProjectConfigurationPlatforms) = postSolution
		{E1E0F581-1E73-4439-B37C-C26B3AE3873E}.Debug|Any CPU.ActiveCfg = Debug|Any CPU
		{E1E0F581-1E73-4439-B37C-C26B3AE3873E}.Debug|Any CPU.Build.0 = Debug|Any CPU
		{E1E0F581-1E73-4439-B37C-C26B3AE3873E}.Release|Any CPU.ActiveCfg = Release|Any CPU
		{E1E0F581-1E73-4439-B37C-C26B3AE3873E}.Release|Any CPU.Build.0 = Release|Any CPU
		{BC16BA96-BEB0-4999-B04A-565B9ED662A1}.Debug|Any CPU.ActiveCfg = Debug|Any CPU
		{BC16BA96-BEB0-4999-B04A-565B9ED662A1}.Debug|Any CPU.Build.0 = Debug|Any CPU
		{BC16BA96-BEB0-4999-B04A-565B9ED662A1}.Release|Any CPU.ActiveCfg = Release|Any CPU
		{BC16BA96-BEB0-4999-B04A-565B9ED662A1}.Release|Any CPU.Build.0 = Release|Any CPU
		{C3342E06-1FB8-4DEA-B236-DCA8AB5AAA19}.Debug|Any CPU.ActiveCfg = Debug|Any CPU
		{C3342E06-1FB8-4DEA-B236-DCA8AB5AAA19}.Debug|Any CPU.Build.0 = Debug|Any CPU
		{C3342E06-1FB8-4DEA-B236-DCA8AB5AAA19}.Release|Any CPU.ActiveCfg = Release|Any CPU
		{C3342E06-1FB8-4DEA-B236-DCA8AB5AAA19}.Release|Any CPU.Build.0 = Release|Any CPU
		{A450F4BF-8592-48ED-A7E3-470895951DFE}.Debug|Any CPU.ActiveCfg = Debug|Any CPU
		{A450F4BF-8592-48ED-A7E3-470895951DFE}.Debug|Any CPU.Build.0 = Debug|Any CPU
		{A450F4BF-8592-48ED-A7E3-470895951DFE}.Release|Any CPU.ActiveCfg = Release|Any CPU
		{A450F4BF-8592-48ED-A7E3-470895951DFE}.Release|Any CPU.Build.0 = Release|Any CPU
		{360BB59F-2D05-43CC-A797-7DBCA0377AFD}.Debug|Any CPU.ActiveCfg = Debug|Any CPU
		{360BB59F-2D05-43CC-A797-7DBCA0377AFD}.Debug|Any CPU.Build.0 = Debug|Any CPU
		{360BB59F-2D05-43CC-A797-7DBCA0377AFD}.Release|Any CPU.ActiveCfg = Release|Any CPU
		{360BB59F-2D05-43CC-A797-7DBCA0377AFD}.Release|Any CPU.Build.0 = Release|Any CPU
		{FB992EEA-E704-4DB1-99FA-BD234E241279}.Debug|Any CPU.ActiveCfg = Debug|Any CPU
		{FB992EEA-E704-4DB1-99FA-BD234E241279}.Debug|Any CPU.Build.0 = Debug|Any CPU
		{FB992EEA-E704-4DB1-99FA-BD234E241279}.Release|Any CPU.ActiveCfg = Release|Any CPU
		{FB992EEA-E704-4DB1-99FA-BD234E241279}.Release|Any CPU.Build.0 = Release|Any CPU
		{EC1BBB2A-B18D-4B56-85D3-6565FC85429A}.Debug|Any CPU.ActiveCfg = Debug|Any CPU
		{EC1BBB2A-B18D-4B56-85D3-6565FC85429A}.Debug|Any CPU.Build.0 = Debug|Any CPU
		{EC1BBB2A-B18D-4B56-85D3-6565FC85429A}.Release|Any CPU.ActiveCfg = Release|Any CPU
		{EC1BBB2A-B18D-4B56-85D3-6565FC85429A}.Release|Any CPU.Build.0 = Release|Any CPU
		{89E10014-7BDD-4958-A71D-8435A5FBE75D}.Debug|Any CPU.ActiveCfg = Debug|Any CPU
		{89E10014-7BDD-4958-A71D-8435A5FBE75D}.Debug|Any CPU.Build.0 = Debug|Any CPU
		{89E10014-7BDD-4958-A71D-8435A5FBE75D}.Release|Any CPU.ActiveCfg = Release|Any CPU
		{89E10014-7BDD-4958-A71D-8435A5FBE75D}.Release|Any CPU.Build.0 = Release|Any CPU
		{C22A7CC9-A192-44B0-B8C6-5B47112D80B6}.Debug|Any CPU.ActiveCfg = Debug|Any CPU
		{C22A7CC9-A192-44B0-B8C6-5B47112D80B6}.Debug|Any CPU.Build.0 = Debug|Any CPU
		{C22A7CC9-A192-44B0-B8C6-5B47112D80B6}.Release|Any CPU.ActiveCfg = Release|Any CPU
		{C22A7CC9-A192-44B0-B8C6-5B47112D80B6}.Release|Any CPU.Build.0 = Release|Any CPU
		{1BD59557-2D40-42F1-A0E0-E4108E579511}.Debug|Any CPU.ActiveCfg = Debug|Any CPU
		{1BD59557-2D40-42F1-A0E0-E4108E579511}.Debug|Any CPU.Build.0 = Debug|Any CPU
		{1BD59557-2D40-42F1-A0E0-E4108E579511}.Release|Any CPU.ActiveCfg = Release|Any CPU
		{1BD59557-2D40-42F1-A0E0-E4108E579511}.Release|Any CPU.Build.0 = Release|Any CPU
		{0143410B-A8B7-4101-A23A-FA44D1EEEFF1}.Debug|Any CPU.ActiveCfg = Debug|Any CPU
		{0143410B-A8B7-4101-A23A-FA44D1EEEFF1}.Debug|Any CPU.Build.0 = Debug|Any CPU
		{0143410B-A8B7-4101-A23A-FA44D1EEEFF1}.Release|Any CPU.ActiveCfg = Release|Any CPU
		{0143410B-A8B7-4101-A23A-FA44D1EEEFF1}.Release|Any CPU.Build.0 = Release|Any CPU
		{ECCB1FE0-1DBD-4DD5-9973-E2EA44B5D66E}.Debug|Any CPU.ActiveCfg = Debug|Any CPU
		{ECCB1FE0-1DBD-4DD5-9973-E2EA44B5D66E}.Debug|Any CPU.Build.0 = Debug|Any CPU
		{ECCB1FE0-1DBD-4DD5-9973-E2EA44B5D66E}.Release|Any CPU.ActiveCfg = Release|Any CPU
		{ECCB1FE0-1DBD-4DD5-9973-E2EA44B5D66E}.Release|Any CPU.Build.0 = Release|Any CPU
		{7605F098-EAAD-48ED-B8A7-6F486A144DF5}.Debug|Any CPU.ActiveCfg = Debug|Any CPU
		{7605F098-EAAD-48ED-B8A7-6F486A144DF5}.Debug|Any CPU.Build.0 = Debug|Any CPU
		{7605F098-EAAD-48ED-B8A7-6F486A144DF5}.Release|Any CPU.ActiveCfg = Release|Any CPU
		{7605F098-EAAD-48ED-B8A7-6F486A144DF5}.Release|Any CPU.Build.0 = Release|Any CPU
	EndGlobalSection
	GlobalSection(SolutionProperties) = preSolution
		HideSolutionNode = FALSE
	EndGlobalSection
	GlobalSection(NestedProjects) = preSolution
		{E1E0F581-1E73-4439-B37C-C26B3AE3873E} = {88A1C9E8-169F-4CB2-A026-9588B058FD6F}
		{BC16BA96-BEB0-4999-B04A-565B9ED662A1} = {88A1C9E8-169F-4CB2-A026-9588B058FD6F}
		{C3342E06-1FB8-4DEA-B236-DCA8AB5AAA19} = {88A1C9E8-169F-4CB2-A026-9588B058FD6F}
		{A450F4BF-8592-48ED-A7E3-470895951DFE} = {7CF2CD0B-6CF1-4D20-956F-4CB573D32CF4}
		{360BB59F-2D05-43CC-A797-7DBCA0377AFD} = {7CF2CD0B-6CF1-4D20-956F-4CB573D32CF4}
		{FB992EEA-E704-4DB1-99FA-BD234E241279} = {7CF2CD0B-6CF1-4D20-956F-4CB573D32CF4}
		{EC1BBB2A-B18D-4B56-85D3-6565FC85429A} = {BC8BD71B-9AE0-44B6-BDD3-AEA6C8DE54FC}
		{89E10014-7BDD-4958-A71D-8435A5FBE75D} = {BC8BD71B-9AE0-44B6-BDD3-AEA6C8DE54FC}
		{C22A7CC9-A192-44B0-B8C6-5B47112D80B6} = {BC8BD71B-9AE0-44B6-BDD3-AEA6C8DE54FC}
		{1BD59557-2D40-42F1-A0E0-E4108E579511} = {0F0EE1B5-DB6E-4522-B1C4-9392628C27D4}
		{0143410B-A8B7-4101-A23A-FA44D1EEEFF1} = {A4FC8088-A1BA-4174-AFA6-F70B289FE17D}
		{ECCB1FE0-1DBD-4DD5-9973-E2EA44B5D66E} = {A4FC8088-A1BA-4174-AFA6-F70B289FE17D}
		{7605F098-EAAD-48ED-B8A7-6F486A144DF5} = {A4FC8088-A1BA-4174-AFA6-F70B289FE17D}
	EndGlobalSection
	GlobalSection(ExtensibilityGlobals) = postSolution
		SolutionGuid = {EED4722D-E848-4763-B2D7-9F32E53C221D}
	EndGlobalSection
EndGlobal
